
Microsoft Visual Studio Solution File, Format Version 12.00
# Visual Studio Version 17
VisualStudioVersion = 17.9.34728.123
MinimumVisualStudioVersion = 10.0.40219.1
Project("{FAE04EC0-301F-11D3-BF4B-00C04F79EFBC}") = "Math", "Math.csproj", "{2F2DFF50-74A1-4AAB-ADB6-FAE1E0920E0C}"
EndProject
Global
	GlobalSection(SolutionConfigurationPlatforms) = preSolution
		Debug|Any CPU = Debug|Any CPU
		Release|Any CPU = Release|Any CPU
	EndGlobalSection
	GlobalSection(ProjectConfigurationPlatforms) = postSolution
		{2F2DFF50-74A1-4AAB-ADB6-FAE1E0920E0C}.Debug|Any CPU.ActiveCfg = Debug|Any CPU
		{2F2DFF50-74A1-4AAB-ADB6-FAE1E0920E0C}.Debug|Any CPU.Build.0 = Debug|Any CPU
		{2F2DFF50-74A1-4AAB-ADB6-FAE1E0920E0C}.Release|Any CPU.ActiveCfg = Release|Any CPU
		{2F2DFF50-74A1-4AAB-ADB6-FAE1E0920E0C}.Release|Any CPU.Build.0 = Release|Any CPU
	EndGlobalSection
	GlobalSection(SolutionProperties) = preSolution
		HideSolutionNode = FALSE
	EndGlobalSection
	GlobalSection(ExtensibilityGlobals) = postSolution
		SolutionGuid = {0C1EC899-7F38-4F2D-88B3-4E064C3D1B5C}
	EndGlobalSection
EndGlobal
