
Microsoft Visual Studio Solution File, Format Version 12.00
# Visual Studio Version 17
VisualStudioVersion = 17.9.34728.123
MinimumVisualStudioVersion = 10.0.40219.1
Project("{FAE04EC0-301F-11D3-BF4B-00C04F79EFBC}") = "StudentApplication", "StudentApplication.csproj", "{8A3A99E7-F923-452A-945E-3100917FDD4A}"
EndProject
Global
	GlobalSection(SolutionConfigurationPlatforms) = preSolution
		Debug|Any CPU = Debug|Any CPU
		Release|Any CPU = Release|Any CPU
	EndGlobalSection
	GlobalSection(ProjectConfigurationPlatforms) = postSolution
		{8A3A99E7-F923-452A-945E-3100917FDD4A}.Debug|Any CPU.ActiveCfg = Debug|Any CPU
		{8A3A99E7-F923-452A-945E-3100917FDD4A}.Debug|Any CPU.Build.0 = Debug|Any CPU
		{8A3A99E7-F923-452A-945E-3100917FDD4A}.Release|Any CPU.ActiveCfg = Release|Any CPU
		{8A3A99E7-F923-452A-945E-3100917FDD4A}.Release|Any CPU.Build.0 = Release|Any CPU
	EndGlobalSection
	GlobalSection(SolutionProperties) = preSolution
		HideSolutionNode = FALSE
	EndGlobalSection
	GlobalSection(ExtensibilityGlobals) = postSolution
		SolutionGuid = {79BF71BA-928B-476C-8482-FF4AB189EA8A}
	EndGlobalSection
EndGlobal
